
Microsoft Visual Studio Solution File, Format Version 11.00
# Visual Studio 2010
Project("{8BC9CEB8-8B4A-11D0-8D11-00A0C91BC942}") = "VCLib", "..\VCLib\VCLib.vcxproj", "{D0CA4AAC-C6B0-401C-8FB9-B2C55117EF2E}"
EndProject
Project("{8BC9CEB8-8B4A-11D0-8D11-00A0C91BC942}") = "VCConsole", "..\VCConsole\VCConsole.vcxproj", "{D1B1EC17-ED2A-46A5-8584-60E61C295EB1}"
	ProjectSection(ProjectDependencies) = postProject
		{D0CA4AAC-C6B0-401C-8FB9-B2C55117EF2E} = {D0CA4AAC-C6B0-401C-8FB9-B2C55117EF2E}
	EndProjectSection
EndProject
Global
	GlobalSection(SolutionConfigurationPlatforms) = preSolution
		Debug|Win32 = Debug|Win32
		Debug|x64 = Debug|x64
		Release|Win32 = Release|Win32
		Release|x64 = Release|x64
	EndGlobalSection
	GlobalSection(ProjectConfigurationPlatforms) = postSolution
		{D0CA4AAC-C6B0-401C-8FB9-B2C55117EF2E}.Debug|Win32.ActiveCfg = Debug|Win32
		{D0CA4AAC-C6B0-401C-8FB9-B2C55117EF2E}.Debug|Win32.Build.0 = Debug|Win32
		{D0CA4AAC-C6B0-401C-8FB9-B2C55117EF2E}.Debug|x64.ActiveCfg = Debug|x64
		{D0CA4AAC-C6B0-401C-8FB9-B2C55117EF2E}.Debug|x64.Build.0 = Debug|x64
		{D0CA4AAC-C6B0-401C-8FB9-B2C55117EF2E}.Release|Win32.ActiveCfg = Release|Win32
		{D0CA4AAC-C6B0-401C-8FB9-B2C55117EF2E}.Release|Win32.Build.0 = Release|Win32
		{D0CA4AAC-C6B0-401C-8FB9-B2C55117EF2E}.Release|x64.ActiveCfg = Release|x64
		{D0CA4AAC-C6B0-401C-8FB9-B2C55117EF2E}.Release|x64.Build.0 = Release|x64
		{D1B1EC17-ED2A-46A5-8584-60E61C295EB1}.Debug|Win32.ActiveCfg = Debug|Win32
		{D1B1EC17-ED2A-46A5-8584-60E61C295EB1}.Debug|Win32.Build.0 = Debug|Win32
		{D1B1EC17-ED2A-46A5-8584-60E61C295EB1}.Debug|x64.ActiveCfg = Debug|Win32
		{D1B1EC17-ED2A-46A5-8584-60E61C295EB1}.Release|Win32.ActiveCfg = Release|Win32
		{D1B1EC17-ED2A-46A5-8584-60E61C295EB1}.Release|Win32.Build.0 = Release|Win32
		{D1B1EC17-ED2A-46A5-8584-60E61C295EB1}.Release|x64.ActiveCfg = Release|x64
	EndGlobalSection
	GlobalSection(SolutionProperties) = preSolution
		HideSolutionNode = FALSE
	EndGlobalSection
EndGlobal
